
Microsoft Visual Studio Solution File, Format Version 12.00
# Visual Studio Version 17
VisualStudioVersion = 17.13.35825.156 d17.13
MinimumVisualStudioVersion = 10.0.40219.1
Project("{FAE04EC0-301F-11D3-BF4B-00C04F79EFBC}") = "e-commerce_task", "e-commerce_task\e-commerce_task.csproj", "{E2339C0C-4006-43BA-8BFA-D5FF9E7EE6C1}"
EndProject
Global
	GlobalSection(SolutionConfigurationPlatforms) = preSolution
		Debug|Any CPU = Debug|Any CPU
		Release|Any CPU = Release|Any CPU
	EndGlobalSection
	GlobalSection(ProjectConfigurationPlatforms) = postSolution
		{E2339C0C-4006-43BA-8BFA-D5FF9E7EE6C1}.Debug|Any CPU.ActiveCfg = Debug|Any CPU
		{E2339C0C-4006-43BA-8BFA-D5FF9E7EE6C1}.Debug|Any CPU.Build.0 = Debug|Any CPU
		{E2339C0C-4006-43BA-8BFA-D5FF9E7EE6C1}.Release|Any CPU.ActiveCfg = Release|Any CPU
		{E2339C0C-4006-43BA-8BFA-D5FF9E7EE6C1}.Release|Any CPU.Build.0 = Release|Any CPU
	EndGlobalSection
	GlobalSection(SolutionProperties) = preSolution
		HideSolutionNode = FALSE
	EndGlobalSection
	GlobalSection(ExtensibilityGlobals) = postSolution
		SolutionGuid = {BC6FE342-216B-4DEB-B5E7-704B9B39E7DF}
	EndGlobalSection
EndGlobal
